
Microsoft Visual Studio Solution File, Format Version 12.00
# Visual Studio 2013
VisualStudioVersion = 12.0.40629.0
MinimumVisualStudioVersion = 10.0.40219.1
Project("{FAE04EC0-301F-11D3-BF4B-00C04F79EFBC}") = "Projeto_Teste", "Projeto_Teste\Projeto_Teste.csproj", "{D8CD8D2C-6DD3-4259-A028-026C1F6A251D}"
EndProject
Global
	GlobalSection(SolutionConfigurationPlatforms) = preSolution
		Debug|Any CPU = Debug|Any CPU
		Release|Any CPU = Release|Any CPU
	EndGlobalSection
	GlobalSection(ProjectConfigurationPlatforms) = postSolution
		{D8CD8D2C-6DD3-4259-A028-026C1F6A251D}.Debug|Any CPU.ActiveCfg = Debug|Any CPU
		{D8CD8D2C-6DD3-4259-A028-026C1F6A251D}.Debug|Any CPU.Build.0 = Debug|Any CPU
		{D8CD8D2C-6DD3-4259-A028-026C1F6A251D}.Release|Any CPU.ActiveCfg = Release|Any CPU
		{D8CD8D2C-6DD3-4259-A028-026C1F6A251D}.Release|Any CPU.Build.0 = Release|Any CPU
	EndGlobalSection
	GlobalSection(SolutionProperties) = preSolution
		HideSolutionNode = FALSE
	EndGlobalSection
EndGlobal
